
Microsoft Visual Studio Solution File, Format Version 12.00
# Visual Studio Version 16
VisualStudioVersion = 16.0.31019.35
MinimumVisualStudioVersion = 10.0.40219.1
Project("{FAE04EC0-301F-11D3-BF4B-00C04F79EFBC}") = "shooting", "shooting\shooting.csproj", "{FAC78570-FE3E-4B10-A635-554CA3CD887B}"
EndProject
Global
	GlobalSection(SolutionConfigurationPlatforms) = preSolution
		Debug|Any CPU = Debug|Any CPU
		Release|Any CPU = Release|Any CPU
	EndGlobalSection
	GlobalSection(ProjectConfigurationPlatforms) = postSolution
		{FAC78570-FE3E-4B10-A635-554CA3CD887B}.Debug|Any CPU.ActiveCfg = Debug|Any CPU
		{FAC78570-FE3E-4B10-A635-554CA3CD887B}.Debug|Any CPU.Build.0 = Debug|Any CPU
		{FAC78570-FE3E-4B10-A635-554CA3CD887B}.Release|Any CPU.ActiveCfg = Release|Any CPU
		{FAC78570-FE3E-4B10-A635-554CA3CD887B}.Release|Any CPU.Build.0 = Release|Any CPU
	EndGlobalSection
	GlobalSection(SolutionProperties) = preSolution
		HideSolutionNode = FALSE
	EndGlobalSection
	GlobalSection(ExtensibilityGlobals) = postSolution
		SolutionGuid = {6844CBB0-F3CE-47C8-AD2B-8B58E1E7538D}
	EndGlobalSection
EndGlobal
